
Microsoft Visual Studio Solution File, Format Version 12.00
# Visual Studio 2013
VisualStudioVersion = 12.0.30324.0
MinimumVisualStudioVersion = 10.0.40219.1
Project("{FAE04EC0-301F-11D3-BF4B-00C04F79EFBC}") = "ExampleSite", "ExampleSite\ExampleSite.csproj", "{B5168B30-1606-4177-8640-F4AF823669FA}"
EndProject
Project("{FAE04EC0-301F-11D3-BF4B-00C04F79EFBC}") = "UmbracoValidationAttributes", "UmbracoValidationAttributes\UmbracoValidationAttributes.csproj", "{4DCE2227-DDBF-4656-8E19-438D5B8569EE}"
EndProject
Global
	GlobalSection(SolutionConfigurationPlatforms) = preSolution
		Debug|Any CPU = Debug|Any CPU
		Release|Any CPU = Release|Any CPU
	EndGlobalSection
	GlobalSection(ProjectConfigurationPlatforms) = postSolution
		{B5168B30-1606-4177-8640-F4AF823669FA}.Debug|Any CPU.ActiveCfg = Debug|Any CPU
		{B5168B30-1606-4177-8640-F4AF823669FA}.Debug|Any CPU.Build.0 = Debug|Any CPU
		{B5168B30-1606-4177-8640-F4AF823669FA}.Release|Any CPU.ActiveCfg = Release|Any CPU
		{B5168B30-1606-4177-8640-F4AF823669FA}.Release|Any CPU.Build.0 = Release|Any CPU
		{4DCE2227-DDBF-4656-8E19-438D5B8569EE}.Debug|Any CPU.ActiveCfg = Debug|Any CPU
		{4DCE2227-DDBF-4656-8E19-438D5B8569EE}.Debug|Any CPU.Build.0 = Debug|Any CPU
		{4DCE2227-DDBF-4656-8E19-438D5B8569EE}.Release|Any CPU.ActiveCfg = Release|Any CPU
		{4DCE2227-DDBF-4656-8E19-438D5B8569EE}.Release|Any CPU.Build.0 = Release|Any CPU
	EndGlobalSection
	GlobalSection(SolutionProperties) = preSolution
		HideSolutionNode = FALSE
	EndGlobalSection
EndGlobal
